// !$*UTF8*$!
{
	archiveVersion = 1;
	classes = {
	};
	objectVersion = 50;
	objects = {

/* Begin PBXBuildFile section */
		A5B73E13232D427E00DDD50C /* AppDelegate.m in Sources */ = {isa = PBXBuildFile; fileRef = A5B73E12232D427E00DDD50C /* AppDelegate.m */; };
		A5B73E16232D427E00DDD50C /* ViewController.m in Sources */ = {isa = PBXBuildFile; fileRef = A5B73E15232D427E00DDD50C /* ViewController.m */; };
		A5B73E19232D427E00DDD50C /* Main.storyboard in Resources */ = {isa = PBXBuildFile; fileRef = A5B73E17232D427E00DDD50C /* Main.storyboard */; };
		A5B73E1B232D428600DDD50C /* Assets.xcassets in Resources */ = {isa = PBXBuildFile; fileRef = A5B73E1A232D428600DDD50C /* Assets.xcassets */; };
		A5B73E1E232D428600DDD50C /* LaunchScreen.storyboard in Resources */ = {isa = PBXBuildFile; fileRef = A5B73E1C232D428600DDD50C /* LaunchScreen.storyboard */; };
		A5B73E21232D428600DDD50C /* main.m in Sources */ = {isa = PBXBuildFile; fileRef = A5B73E20232D428600DDD50C /* main.m */; };
		A5B73E2B232D428700DDD50C /* CollectionViewExampleTests.m in Sources */ = {isa = PBXBuildFile; fileRef = A5B73E2A232D428700DDD50C /* CollectionViewExampleTests.m */; };
		A5B73E36232D428700DDD50C /* CollectionViewExampleUITests.m in Sources */ = {isa = PBXBuildFile; fileRef = A5B73E35232D428700DDD50C /* CollectionViewExampleUITests.m */; };
		A5B73E45232D56B200DDD50C /* ExampleCollectionViewCell.m in Sources */ = {isa = PBXBuildFile; fileRef = A5B73E44232D56B200DDD50C /* ExampleCollectionViewCell.m */; };
		A5B73E48232D60F100DDD50C /* ExampleCollectionReusableView.m in Sources */ = {isa = PBXBuildFile; fileRef = A5B73E47232D60F100DDD50C /* ExampleCollectionReusableView.m */; };
		A5B73E4B232D90FD00DDD50C /* LowerCollectionReusableView.m in Sources */ = {isa = PBXBuildFile; fileRef = A5B73E4A232D90FD00DDD50C /* LowerCollectionReusableView.m */; };
/* End PBXBuildFile section */

/* Begin PBXContainerItemProxy section */
		A5B73E27232D428700DDD50C /* PBXContainerItemProxy */ = {
			isa = PBXContainerItemProxy;
			containerPortal = A5B73E06232D427E00DDD50C /* Project object */;
			proxyType = 1;
			remoteGlobalIDString = A5B73E0D232D427E00DDD50C;
			remoteInfo = CollectionViewExample;
		};
		A5B73E32232D428700DDD50C /* PBXContainerItemProxy */ = {
			isa = PBXContainerItemProxy;
			containerPortal = A5B73E06232D427E00DDD50C /* Project object */;
			proxyType = 1;
			remoteGlobalIDString = A5B73E0D232D427E00DDD50C;
			remoteInfo = CollectionViewExample;
		};
/* End PBXContainerItemProxy section */

/* Begin PBXFileReference section */
		A5B73E0E232D427E00DDD50C /* CollectionViewExample.app */ = {isa = PBXFileReference; explicitFileType = wrapper.application; includeInIndex = 0; path = CollectionViewExample.app; sourceTree = BUILT_PRODUCTS_DIR; };
		A5B73E11232D427E00DDD50C /* AppDelegate.h */ = {isa = PBXFileReference; lastKnownFileType = sourcecode.c.h; path = AppDelegate.h; sourceTree = "<group>"; };
		A5B73E12232D427E00DDD50C /* AppDelegate.m */ = {isa = PBXFileReference; lastKnownFileType = sourcecode.c.objc; path = AppDelegate.m; sourceTree = "<group>"; };
		A5B73E14232D427E00DDD50C /* ViewController.h */ = {isa = PBXFileReference; lastKnownFileType = sourcecode.c.h; path = ViewController.h; sourceTree = "<group>"; };
		A5B73E15232D427E00DDD50C /* ViewController.m */ = {isa = PBXFileReference; lastKnownFileType = sourcecode.c.objc; path = ViewController.m; sourceTree = "<group>"; };
		A5B73E18232D427E00DDD50C /* Base */ = {isa = PBXFileReference; lastKnownFileType = file.storyboard; name = Base; path = Base.lproj/Main.storyboard; sourceTree = "<group>"; };
		A5B73E1A232D428600DDD50C /* Assets.xcassets */ = {isa = PBXFileReference; lastKnownFileType = folder.assetcatalog; path = Assets.xcassets; sourceTree = "<group>"; };
		A5B73E1D232D428600DDD50C /* Base */ = {isa = PBXFileReference; lastKnownFileType = file.storyboard; name = Base; path = Base.lproj/LaunchScreen.storyboard; sourceTree = "<group>"; };
		A5B73E1F232D428600DDD50C /* Info.plist */ = {isa = PBXFileReference; lastKnownFileType = text.plist.xml; path = Info.plist; sourceTree = "<group>"; };
		A5B73E20232D428600DDD50C /* main.m */ = {isa = PBXFileReference; lastKnownFileType = sourcecode.c.objc; path = main.m; sourceTree = "<group>"; };
		A5B73E26232D428700DDD50C /* CollectionViewExampleTests.xctest */ = {isa = PBXFileReference; explicitFileType = wrapper.cfbundle; includeInIndex = 0; path = CollectionViewExampleTests.xctest; sourceTree = BUILT_PRODUCTS_DIR; };
		A5B73E2A232D428700DDD50C /* CollectionViewExampleTests.m */ = {isa = PBXFileReference; lastKnownFileType = sourcecode.c.objc; path = CollectionViewExampleTests.m; sourceTree = "<group>"; };
		A5B73E2C232D428700DDD50C /* Info.plist */ = {isa = PBXFileReference; lastKnownFileType = text.plist.xml; path = Info.plist; sourceTree = "<group>"; };
		A5B73E31232D428700DDD50C /* CollectionViewExampleUITests.xctest */ = {isa = PBXFileReference; explicitFileType = wrapper.cfbundle; includeInIndex = 0; path = CollectionViewExampleUITests.xctest; sourceTree = BUILT_PRODUCTS_DIR; };
		A5B73E35232D428700DDD50C /* CollectionViewExampleUITests.m */ = {isa = PBXFileReference; lastKnownFileType = sourcecode.c.objc; path = CollectionViewExampleUITests.m; sourceTree = "<group>"; };
		A5B73E37232D428700DDD50C /* Info.plist */ = {isa = PBXFileReference; lastKnownFileType = text.plist.xml; path = Info.plist; sourceTree = "<group>"; };
		A5B73E43232D56B200DDD50C /* ExampleCollectionViewCell.h */ = {isa = PBXFileReference; lastKnownFileType = sourcecode.c.h; path = ExampleCollectionViewCell.h; sourceTree = "<group>"; };
		A5B73E44232D56B200DDD50C /* ExampleCollectionViewCell.m */ = {isa = PBXFileReference; lastKnownFileType = sourcecode.c.objc; path = ExampleCollectionViewCell.m; sourceTree = "<group>"; };
		A5B73E46232D60F100DDD50C /* ExampleCollectionReusableView.h */ = {isa = PBXFileReference; lastKnownFileType = sourcecode.c.h; path = ExampleCollectionReusableView.h; sourceTree = "<group>"; };
		A5B73E47232D60F100DDD50C /* ExampleCollectionReusableView.m */ = {isa = PBXFileReference; lastKnownFileType = sourcecode.c.objc; path = ExampleCollectionReusableView.m; sourceTree = "<group>"; };
		A5B73E49232D90FD00DDD50C /* LowerCollectionReusableView.h */ = {isa = PBXFileReference; lastKnownFileType = sourcecode.c.h; path = LowerCollectionReusableView.h; sourceTree = "<group>"; };
		A5B73E4A232D90FD00DDD50C /* LowerCollectionReusableView.m */ = {isa = PBXFileReference; lastKnownFileType = sourcecode.c.objc; path = LowerCollectionReusableView.m; sourceTree = "<group>"; };
/* End PBXFileReference section */

/* Begin PBXFrameworksBuildPhase section */
		A5B73E0B232D427E00DDD50C /* Frameworks */ = {
			isa = PBXFrameworksBuildPhase;
			buildActionMask = 2147483647;
			files = (
			);
			runOnlyForDeploymentPostprocessing = 0;
		};
		A5B73E23232D428700DDD50C /* Frameworks */ = {
			isa = PBXFrameworksBuildPhase;
			buildActionMask = 2147483647;
			files = (
			);
			runOnlyForDeploymentPostprocessing = 0;
		};
		A5B73E2E232D428700DDD50C /* Frameworks */ = {
			isa = PBXFrameworksBuildPhase;
			buildActionMask = 2147483647;
			files = (
			);
			runOnlyForDeploymentPostprocessing = 0;
		};
/* End PBXFrameworksBuildPhase section */

/* Begin PBXGroup section */
		A5B73E05232D427E00DDD50C = {
			isa = PBXGroup;
			children = (
				A5B73E10232D427E00DDD50C /* CollectionViewExample */,
				A5B73E29232D428700DDD50C /* CollectionViewExampleTests */,
				A5B73E34232D428700DDD50C /* CollectionViewExampleUITests */,
				A5B73E0F232D427E00DDD50C /* Products */,
			);
			sourceTree = "<group>";
		};
		A5B73E0F232D427E00DDD50C /* Products */ = {
			isa = PBXGroup;
			children = (
				A5B73E0E232D427E00DDD50C /* CollectionViewExample.app */,
				A5B73E26232D428700DDD50C /* CollectionViewExampleTests.xctest */,
				A5B73E31232D428700DDD50C /* CollectionViewExampleUITests.xctest */,
			);
			name = Products;
			sourceTree = "<group>";
		};
		A5B73E10232D427E00DDD50C /* CollectionViewExample */ = {
			isa = PBXGroup;
			children = (
				A5B73E11232D427E00DDD50C /* AppDelegate.h */,
				A5B73E12232D427E00DDD50C /* AppDelegate.m */,
				A5B73E14232D427E00DDD50C /* ViewController.h */,
				A5B73E15232D427E00DDD50C /* ViewController.m */,
				A5B73E17232D427E00DDD50C /* Main.storyboard */,
				A5B73E1A232D428600DDD50C /* Assets.xcassets */,
				A5B73E1C232D428600DDD50C /* LaunchScreen.storyboard */,
				A5B73E1F232D428600DDD50C /* Info.plist */,
				A5B73E20232D428600DDD50C /* main.m */,
				A5B73E43232D56B200DDD50C /* ExampleCollectionViewCell.h */,
				A5B73E44232D56B200DDD50C /* ExampleCollectionViewCell.m */,
				A5B73E46232D60F100DDD50C /* ExampleCollectionReusableView.h */,
				A5B73E47232D60F100DDD50C /* ExampleCollectionReusableView.m */,
				A5B73E49232D90FD00DDD50C /* LowerCollectionReusableView.h */,
				A5B73E4A232D90FD00DDD50C /* LowerCollectionReusableView.m */,
			);
			path = CollectionViewExample;
			sourceTree = "<group>";
		};
		A5B73E29232D428700DDD50C /* CollectionViewExampleTests */ = {
			isa = PBXGroup;
			children = (
				A5B73E2A232D428700DDD50C /* CollectionViewExampleTests.m */,
				A5B73E2C232D428700DDD50C /* Info.plist */,
			);
			path = CollectionViewExampleTests;
			sourceTree = "<group>";
		};
		A5B73E34232D428700DDD50C /* CollectionViewExampleUITests */ = {
			isa = PBXGroup;
			children = (
				A5B73E35232D428700DDD50C /* CollectionViewExampleUITests.m */,
				A5B73E37232D428700DDD50C /* Info.plist */,
			);
			path = CollectionViewExampleUITests;
			sourceTree = "<group>";
		};
/* End PBXGroup section */

/* Begin PBXNativeTarget section */
		A5B73E0D232D427E00DDD50C /* CollectionViewExample */ = {
			isa = PBXNativeTarget;
			buildConfigurationList = A5B73E3A232D428700DDD50C /* Build configuration list for PBXNativeTarget "CollectionViewExample" */;
			buildPhases = (
				A5B73E0A232D427E00DDD50C /* Sources */,
				A5B73E0B232D427E00DDD50C /* Frameworks */,
				A5B73E0C232D427E00DDD50C /* Resources */,
			);
			buildRules = (
			);
			dependencies = (
			);
			name = CollectionViewExample;
			productName = CollectionViewExample;
			productReference = A5B73E0E232D427E00DDD50C /* CollectionViewExample.app */;
			productType = "com.apple.product-type.application";
		};
		A5B73E25232D428700DDD50C /* CollectionViewExampleTests */ = {
			isa = PBXNativeTarget;
			buildConfigurationList = A5B73E3D232D428700DDD50C /* Build configuration list for PBXNativeTarget "CollectionViewExampleTests" */;
			buildPhases = (
				A5B73E22232D428700DDD50C /* Sources */,
				A5B73E23232D428700DDD50C /* Frameworks */,
				A5B73E24232D428700DDD50C /* Resources */,
			);
			buildRules = (
			);
			dependencies = (
				A5B73E28232D428700DDD50C /* PBXTargetDependency */,
			);
			name = CollectionViewExampleTests;
			productName = CollectionViewExampleTests;
			productReference = A5B73E26232D428700DDD50C /* CollectionViewExampleTests.xctest */;
			productType = "com.apple.product-type.bundle.unit-test";
		};
		A5B73E30232D428700DDD50C /* CollectionViewExampleUITests */ = {
			isa = PBXNativeTarget;
			buildConfigurationList = A5B73E40232D428700DDD50C /* Build configuration list for PBXNativeTarget "CollectionViewExampleUITests" */;
			buildPhases = (
				A5B73E2D232D428700DDD50C /* Sources */,
				A5B73E2E232D428700DDD50C /* Frameworks */,
				A5B73E2F232D428700DDD50C /* Resources */,
			);
			buildRules = (
			);
			dependencies = (
				A5B73E33232D428700DDD50C /* PBXTargetDependency */,
			);
			name = CollectionViewExampleUITests;
			productName = CollectionViewExampleUITests;
			productReference = A5B73E31232D428700DDD50C /* CollectionViewExampleUITests.xctest */;
			productType = "com.apple.product-type.bundle.ui-testing";
		};
/* End PBXNativeTarget section */

/* Begin PBXProject section */
		A5B73E06232D427E00DDD50C /* Project object */ = {
			isa = PBXProject;
			attributes = {
				LastUpgradeCheck = 1010;
				ORGANIZATIONNAME = "Roey Honig";
				TargetAttributes = {
					A5B73E0D232D427E00DDD50C = {
						CreatedOnToolsVersion = 10.1;
					};
					A5B73E25232D428700DDD50C = {
						CreatedOnToolsVersion = 10.1;
						TestTargetID = A5B73E0D232D427E00DDD50C;
					};
					A5B73E30232D428700DDD50C = {
						CreatedOnToolsVersion = 10.1;
						TestTargetID = A5B73E0D232D427E00DDD50C;
					};
				};
			};
			buildConfigurationList = A5B73E09232D427E00DDD50C /* Build configuration list for PBXProject "CollectionViewExample" */;
			compatibilityVersion = "Xcode 9.3";
			developmentRegion = en;
			hasScannedForEncodings = 0;
			knownRegions = (
				en,
				Base,
			);
			mainGroup = A5B73E05232D427E00DDD50C;
			productRefGroup = A5B73E0F232D427E00DDD50C /* Products */;
			projectDirPath = "";
			projectRoot = "";
			targets = (
				A5B73E0D232D427E00DDD50C /* CollectionViewExample */,
				A5B73E25232D428700DDD50C /* CollectionViewExampleTests */,
				A5B73E30232D428700DDD50C /* CollectionViewExampleUITests */,
			);
		};
/* End PBXProject section */

/* Begin PBXResourcesBuildPhase section */
		A5B73E0C232D427E00DDD50C /* Resources */ = {
			isa = PBXResourcesBuildPhase;
			buildActionMask = 2147483647;
			files = (
				A5B73E1E232D428600DDD50C /* LaunchScreen.storyboard in Resources */,
				A5B73E1B232D428600DDD50C /* Assets.xcassets in Resources */,
				A5B73E19232D427E00DDD50C /* Main.storyboard in Resources */,
			);
			runOnlyForDeploymentPostprocessing = 0;
		};
		A5B73E24232D428700DDD50C /* Resources */ = {
			isa = PBXResourcesBuildPhase;
			buildActionMask = 2147483647;
			files = (
			);
			runOnlyForDeploymentPostprocessing = 0;
		};
		A5B73E2F232D428700DDD50C /* Resources */ = {
			isa = PBXResourcesBuildPhase;
			buildActionMask = 2147483647;
			files = (
			);
			runOnlyForDeploymentPostprocessing = 0;
		};
/* End PBXResourcesBuildPhase section */

/* Begin PBXSourcesBuildPhase section */
		A5B73E0A232D427E00DDD50C /* Sources */ = {
			isa = PBXSourcesBuildPhase;
			buildActionMask = 2147483647;
			files = (
				A5B73E16232D427E00DDD50C /* ViewController.m in Sources */,
				A5B73E48232D60F100DDD50C /* ExampleCollectionReusableView.m in Sources */,
				A5B73E45232D56B200DDD50C /* ExampleCollectionViewCell.m in Sources */,
				A5B73E21232D428600DDD50C /* main.m in Sources */,
				A5B73E13232D427E00DDD50C /* AppDelegate.m in Sources */,
				A5B73E4B232D90FD00DDD50C /* LowerCollectionReusableView.m in Sources */,
			);
			runOnlyForDeploymentPostprocessing = 0;
		};
		A5B73E22232D428700DDD50C /* Sources */ = {
			isa = PBXSourcesBuildPhase;
			buildActionMask = 2147483647;
			files = (
				A5B73E2B232D428700DDD50C /* CollectionViewExampleTests.m in Sources */,
			);
			runOnlyForDeploymentPostprocessing = 0;
		};
		A5B73E2D232D428700DDD50C /* Sources */ = {
			isa = PBXSourcesBuildPhase;
			buildActionMask = 2147483647;
			files = (
				A5B73E36232D428700DDD50C /* CollectionViewExampleUITests.m in Sources */,
			);
			runOnlyForDeploymentPostprocessing = 0;
		};
/* End PBXSourcesBuildPhase section */

/* Begin PBXTargetDependency section */
		A5B73E28232D428700DDD50C /* PBXTargetDependency */ = {
			isa = PBXTargetDependency;
			target = A5B73E0D232D427E00DDD50C /* CollectionViewExample */;
			targetProxy = A5B73E27232D428700DDD50C /* PBXContainerItemProxy */;
		};
		A5B73E33232D428700DDD50C /* PBXTargetDependency */ = {
			isa = PBXTargetDependency;
			target = A5B73E0D232D427E00DDD50C /* CollectionViewExample */;
			targetProxy = A5B73E32232D428700DDD50C /* PBXContainerItemProxy */;
		};
/* End PBXTargetDependency section */

/* Begin PBXVariantGroup section */
		A5B73E17232D427E00DDD50C /* Main.storyboard */ = {
			isa = PBXVariantGroup;
			children = (
				A5B73E18232D427E00DDD50C /* Base */,
			);
			name = Main.storyboard;
			sourceTree = "<group>";
		};
		A5B73E1C232D428600DDD50C /* LaunchScreen.storyboard */ = {
			isa = PBXVariantGroup;
			children = (
				A5B73E1D232D428600DDD50C /* Base */,
			);
			name = LaunchScreen.storyboard;
			sourceTree = "<group>";
		};
/* End PBXVariantGroup section */

/* Begin XCBuildConfiguration section */
		A5B73E38232D428700DDD50C /* Debug */ = {
			isa = XCBuildConfiguration;
			buildSettings = {
				ALWAYS_SEARCH_USER_PATHS = NO;
				CLANG_ANALYZER_NONNULL = YES;
				CLANG_ANALYZER_NUMBER_OBJECT_CONVERSION = YES_AGGRESSIVE;
				CLANG_CXX_LANGUAGE_STANDARD = "gnu++14";
				CLANG_CXX_LIBRARY = "libc++";
				CLANG_ENABLE_MODULES = YES;
				CLANG_ENABLE_OBJC_ARC = YES;
				CLANG_ENABLE_OBJC_WEAK = YES;
				CLANG_WARN_BLOCK_CAPTURE_AUTORELEASING = YES;
				CLANG_WARN_BOOL_CONVERSION = YES;
				CLANG_WARN_COMMA = YES;
				CLANG_WARN_CONSTANT_CONVERSION = YES;
				CLANG_WARN_DEPRECATED_OBJC_IMPLEMENTATIONS = YES;
				CLANG_WARN_DIRECT_OBJC_ISA_USAGE = YES_ERROR;
				CLANG_WARN_DOCUMENTATION_COMMENTS = YES;
				CLANG_WARN_EMPTY_BODY = YES;
				CLANG_WARN_ENUM_CONVERSION = YES;
				CLANG_WARN_INFINITE_RECURSION = YES;
				CLANG_WARN_INT_CONVERSION = YES;
				CLANG_WARN_NON_LITERAL_NULL_CONVERSION = YES;
				CLANG_WARN_OBJC_IMPLICIT_RETAIN_SELF = YES;
				CLANG_WARN_OBJC_LITERAL_CONVERSION = YES;
				CLANG_WARN_OBJC_ROOT_CLASS = YES_ERROR;
				CLANG_WARN_RANGE_LOOP_ANALYSIS = YES;
				CLANG_WARN_STRICT_PROTOTYPES = YES;
				CLANG_WARN_SUSPICIOUS_MOVE = YES;
				CLANG_WARN_UNGUARDED_AVAILABILITY = YES_AGGRESSIVE;
				CLANG_WARN_UNREACHABLE_CODE = YES;
				CLANG_WARN__DUPLICATE_METHOD_MATCH = YES;
				CODE_SIGN_IDENTITY = "iPhone Developer";
				COPY_PHASE_STRIP = NO;
				DEBUG_INFORMATION_FORMAT = dwarf;
				ENABLE_STRICT_OBJC_MSGSEND = YES;
				ENABLE_TESTABILITY = YES;
				GCC_C_LANGUAGE_STANDARD = gnu11;
				GCC_DYNAMIC_NO_PIC = NO;
				GCC_NO_COMMON_BLOCKS = YES;
				GCC_OPTIMIZATION_LEVEL = 0;
				GCC_PREPROCESSOR_DEFINITIONS = (
					"DEBUG=1",
					"$(inherited)",
				);
				GCC_WARN_64_TO_32_BIT_CONVERSION = YES;
				GCC_WARN_ABOUT_RETURN_TYPE = YES_ERROR;
				GCC_WARN_UNDECLARED_SELECTOR = YES;
				GCC_WARN_UNINITIALIZED_AUTOS = YES_AGGRESSIVE;
				GCC_WARN_UNUSED_FUNCTION = YES;
				GCC_WARN_UNUSED_VARIABLE = YES;
				IPHONEOS_DEPLOYMENT_TARGET = 12.1;
				MTL_ENABLE_DEBUG_INFO = INCLUDE_SOURCE;
				MTL_FAST_MATH = YES;
				ONLY_ACTIVE_ARCH = YES;
				SDKROOT = iphoneos;
			};
			name = Debug;
		};
		A5B73E39232D428700DDD50C /* Release */ = {
			isa = XCBuildConfiguration;
			buildSettings = {
				ALWAYS_SEARCH_USER_PATHS = NO;
				CLANG_ANALYZER_NONNULL = YES;
				CLANG_ANALYZER_NUMBER_OBJECT_CONVERSION = YES_AGGRESSIVE;
				CLANG_CXX_LANGUAGE_STANDARD = "gnu++14";
				CLANG_CXX_LIBRARY = "libc++";
				CLANG_ENABLE_MODULES = YES;
				CLANG_ENABLE_OBJC_ARC = YES;
				CLANG_ENABLE_OBJC_WEAK = YES;
				CLANG_WARN_BLOCK_CAPTURE_AUTORELEASING = YES;
				CLANG_WARN_BOOL_CONVERSION = YES;
				CLANG_WARN_COMMA = YES;
				CLANG_WARN_CONSTANT_CONVERSION = YES;
				CLANG_WARN_DEPRECATED_OBJC_IMPLEMENTATIONS = YES;
				CLANG_WARN_DIRECT_OBJC_ISA_USAGE = YES_ERROR;
				CLANG_WARN_DOCUMENTATION_COMMENTS = YES;
				CLANG_WARN_EMPTY_BODY = YES;
				CLANG_WARN_ENUM_CONVERSION = YES;
				CLANG_WARN_INFINITE_RECURSION = YES;
				CLANG_WARN_INT_CONVERSION = YES;
				CLANG_WARN_NON_LITERAL_NULL_CONVERSION = YES;
				CLANG_WARN_OBJC_IMPLICIT_RETAIN_SELF = YES;
				CLANG_WARN_OBJC_LITERAL_CONVERSION = YES;
				CLANG_WARN_OBJC_ROOT_CLASS = YES_ERROR;
				CLANG_WARN_RANGE_LOOP_ANALYSIS = YES;
				CLANG_WARN_STRICT_PROTOTYPES = YES;
				CLANG_WARN_SUSPICIOUS_MOVE = YES;
				CLANG_WARN_UNGUARDED_AVAILABILITY = YES_AGGRESSIVE;
				CLANG_WARN_UNREACHABLE_CODE = YES;
				CLANG_WARN__DUPLICATE_METHOD_MATCH = YES;
				CODE_SIGN_IDENTITY = "iPhone Developer";
				COPY_PHASE_STRIP = NO;
				DEBUG_INFORMATION_FORMAT = "dwarf-with-dsym";
				ENABLE_NS_ASSERTIONS = NO;
				ENABLE_STRICT_OBJC_MSGSEND = YES;
				GCC_C_LANGUAGE_STANDARD = gnu11;
				GCC_NO_COMMON_BLOCKS = YES;
				GCC_WARN_64_TO_32_BIT_CONVERSION = YES;
				GCC_WARN_ABOUT_RETURN_TYPE = YES_ERROR;
				GCC_WARN_UNDECLARED_SELECTOR = YES;
				GCC_WARN_UNINITIALIZED_AUTOS = YES_AGGRESSIVE;
				GCC_WARN_UNUSED_FUNCTION = YES;
				GCC_WARN_UNUSED_VARIABLE = YES;
				IPHONEOS_DEPLOYMENT_TARGET = 12.1;
				MTL_ENABLE_DEBUG_INFO = NO;
				MTL_FAST_MATH = YES;
				SDKROOT = iphoneos;
				VALIDATE_PRODUCT = YES;
			};
			name = Release;
		};
		A5B73E3B232D428700DDD50C /* Debug */ = {
			isa = XCBuildConfiguration;
			buildSettings = {
				ASSETCATALOG_COMPILER_APPICON_NAME = AppIcon;
				CODE_SIGN_STYLE = Automatic;
				DEVELOPMENT_TEAM = 895URTZF36;
				INFOPLIST_FILE = CollectionViewExample/Info.plist;
				LD_RUNPATH_SEARCH_PATHS = (
					"$(inherited)",
					"@executable_path/Frameworks",
				);
				PRODUCT_BUNDLE_IDENTIFIER = com.roey.honig.CollectionViewExample;
				PRODUCT_NAME = "$(TARGET_NAME)";
				TARGETED_DEVICE_FAMILY = "1,2";
			};
			name = Debug;
		};
		A5B73E3C232D428700DDD50C /* Release */ = {
			isa = XCBuildConfiguration;
			buildSettings = {
				ASSETCATALOG_COMPILER_APPICON_NAME = AppIcon;
				CODE_SIGN_STYLE = Automatic;
				DEVELOPMENT_TEAM = 895URTZF36;
				INFOPLIST_FILE = CollectionViewExample/Info.plist;
				LD_RUNPATH_SEARCH_PATHS = (
					"$(inherited)",
					"@executable_path/Frameworks",
				);
				PRODUCT_BUNDLE_IDENTIFIER = com.roey.honig.CollectionViewExample;
				PRODUCT_NAME = "$(TARGET_NAME)";
				TARGETED_DEVICE_FAMILY = "1,2";
			};
			name = Release;
		};
		A5B73E3E232D428700DDD50C /* Debug */ = {
			isa = XCBuildConfiguration;
			buildSettings = {
				BUNDLE_LOADER = "$(TEST_HOST)";
				CODE_SIGN_STYLE = Automatic;
				DEVELOPMENT_TEAM = P7DJWLX35G;
				INFOPLIST_FILE = CollectionViewExampleTests/Info.plist;
				LD_RUNPATH_SEARCH_PATHS = (
					"$(inherited)",
					"@executable_path/Frameworks",
					"@loader_path/Frameworks",
				);
				PRODUCT_BUNDLE_IDENTIFIER = com.roey.honig.CollectionViewExampleTests;
				PRODUCT_NAME = "$(TARGET_NAME)";
				TARGETED_DEVICE_FAMILY = "1,2";
				TEST_HOST = "$(BUILT_PRODUCTS_DIR)/CollectionViewExample.app/CollectionViewExample";
			};
			name = Debug;
		};
		A5B73E3F232D428700DDD50C /* Release */ = {
			isa = XCBuildConfiguration;
			buildSettings = {
				BUNDLE_LOADER = "$(TEST_HOST)";
				CODE_SIGN_STYLE = Automatic;
				DEVELOPMENT_TEAM = P7DJWLX35G;
				INFOPLIST_FILE = CollectionViewExampleTests/Info.plist;
				LD_RUNPATH_SEARCH_PATHS = (
					"$(inherited)",
					"@executable_path/Frameworks",
					"@loader_path/Frameworks",
				);
				PRODUCT_BUNDLE_IDENTIFIER = com.roey.honig.CollectionViewExampleTests;
				PRODUCT_NAME = "$(TARGET_NAME)";
				TARGETED_DEVICE_FAMILY = "1,2";
				TEST_HOST = "$(BUILT_PRODUCTS_DIR)/CollectionViewExample.app/CollectionViewExample";
			};
			name = Release;
		};
		A5B73E41232D428700DDD50C /* Debug */ = {
			isa = XCBuildConfiguration;
			buildSettings = {
				CODE_SIGN_STYLE = Automatic;
				DEVELOPMENT_TEAM = P7DJWLX35G;
				INFOPLIST_FILE = CollectionViewExampleUITests/Info.plist;
				LD_RUNPATH_SEARCH_PATHS = (
					"$(inherited)",
					"@executable_path/Frameworks",
					"@loader_path/Frameworks",
				);
				PRODUCT_BUNDLE_IDENTIFIER = com.roey.honig.CollectionViewExampleUITests;
				PRODUCT_NAME = "$(TARGET_NAME)";
				TARGETED_DEVICE_FAMILY = "1,2";
				TEST_TARGET_NAME = CollectionViewExample;
			};
			name = Debug;
		};
		A5B73E42232D428700DDD50C /* Release */ = {
			isa = XCBuildConfiguration;
			buildSettings = {
				CODE_SIGN_STYLE = Automatic;
				DEVELOPMENT_TEAM = P7DJWLX35G;
				INFOPLIST_FILE = CollectionViewExampleUITests/Info.plist;
				LD_RUNPATH_SEARCH_PATHS = (
					"$(inherited)",
					"@executable_path/Frameworks",
					"@loader_path/Frameworks",
				);
				PRODUCT_BUNDLE_IDENTIFIER = com.roey.honig.CollectionViewExampleUITests;
				PRODUCT_NAME = "$(TARGET_NAME)";
				TARGETED_DEVICE_FAMILY = "1,2";
				TEST_TARGET_NAME = CollectionViewExample;
			};
			name = Release;
		};
/* End XCBuildConfiguration section */

/* Begin XCConfigurationList section */
		A5B73E09232D427E00DDD50C /* Build configuration list for PBXProject "CollectionViewExample" */ = {
			isa = XCConfigurationList;
			buildConfigurations = (
				A5B73E38232D428700DDD50C /* Debug */,
				A5B73E39232D428700DDD50C /* Release */,
			);
			defaultConfigurationIsVisible = 0;
			defaultConfigurationName = Release;
		};
		A5B73E3A232D428700DDD50C /* Build configuration list for PBXNativeTarget "CollectionViewExample" */ = {
			isa = XCConfigurationList;
			buildConfigurations = (
				A5B73E3B232D428700DDD50C /* Debug */,
				A5B73E3C232D428700DDD50C /* Release */,
			);
			defaultConfigurationIsVisible = 0;
			defaultConfigurationName = Release;
		};
		A5B73E3D232D428700DDD50C /* Build configuration list for PBXNativeTarget "CollectionViewExampleTests" */ = {
			isa = XCConfigurationList;
			buildConfigurations = (
				A5B73E3E232D428700DDD50C /* Debug */,
				A5B73E3F232D428700DDD50C /* Release */,
			);
			defaultConfigurationIsVisible = 0;
			defaultConfigurationName = Release;
		};
		A5B73E40232D428700DDD50C /* Build configuration list for PBXNativeTarget "CollectionViewExampleUITests" */ = {
			isa = XCConfigurationList;
			buildConfigurations = (
				A5B73E41232D428700DDD50C /* Debug */,
				A5B73E42232D428700DDD50C /* Release */,
			);
			defaultConfigurationIsVisible = 0;
			defaultConfigurationName = Release;
		};
/* End XCConfigurationList section */
	};
	rootObject = A5B73E06232D427E00DDD50C /* Project object */;
}
